// !$*UTF8*$!
{
	archiveVersion = 1;
	classes = {
	};
	objectVersion = 45;
	objects = {

/* Begin PBXBuildFile section */
		1D3623260D0F684500981E51 /* JauntAppDelegate.m in Sources */ = {isa = PBXBuildFile; fileRef = 1D3623250D0F684500981E51 /* JauntAppDelegate.m */; };
		1D60589B0D05DD56006BFB54 /* main.m in Sources */ = {isa = PBXBuildFile; fileRef = 29B97316FDCFA39411CA2CEA /* main.m */; };
		28AD733F0D9D9553002E5188 /* MainWindow.xib in Resources */ = {isa = PBXBuildFile; fileRef = 28AD733E0D9D9553002E5188 /* MainWindow.xib */; };
		6D0BA06D111F5E9100AF7773 /* libGDataTouchStaticLib.a in Frameworks */ = {isa = PBXBuildFile; fileRef = 6D8F8776111F29BF003061A5 /* libGDataTouchStaticLib.a */; };
		6D488D8310D544C900F90D44 /* CameraController.m in Sources */ = {isa = PBXBuildFile; fileRef = 6D488D8210D544C900F90D44 /* CameraController.m */; };
		6D503D7F10F8D79D00921BAC /* Jaunt.sqlite in Resources */ = {isa = PBXBuildFile; fileRef = 6D503D7E10F8D79D00921BAC /* Jaunt.sqlite */; };
		6D632B08108256F1009769E5 /* RouteController.m in Sources */ = {isa = PBXBuildFile; fileRef = 6D632B07108256F1009769E5 /* RouteController.m */; };
		6D632B0B10825703009769E5 /* WeatherController.m in Sources */ = {isa = PBXBuildFile; fileRef = 6D632B0A10825703009769E5 /* WeatherController.m */; };
		6D632B1110825724009769E5 /* ReservationController.m in Sources */ = {isa = PBXBuildFile; fileRef = 6D632B1010825724009769E5 /* ReservationController.m */; };
		6D632B131082578E009769E5 /* RouteView.xib in Resources */ = {isa = PBXBuildFile; fileRef = 6D632B121082578E009769E5 /* RouteView.xib */; };
		6D632B15108257A0009769E5 /* WeatherView.xib in Resources */ = {isa = PBXBuildFile; fileRef = 6D632B14108257A0009769E5 /* WeatherView.xib */; };
		6D632B19108257C7009769E5 /* ReservationView.xib in Resources */ = {isa = PBXBuildFile; fileRef = 6D632B18108257C7009769E5 /* ReservationView.xib */; };
		6D632B2910825F1F009769E5 /* Route.png in Resources */ = {isa = PBXBuildFile; fileRef = 6D632B2810825F1F009769E5 /* Route.png */; };
		6D70783F10B4D20100CDA8FD /* DestinationController.m in Sources */ = {isa = PBXBuildFile; fileRef = 6D70783E10B4D20100CDA8FD /* DestinationController.m */; };
		6D755F9610CBDD33004D36F2 /* Photo.m in Sources */ = {isa = PBXBuildFile; fileRef = 6D755F9510CBDD33004D36F2 /* Photo.m */; };
		6D755F9B10CBDE74004D36F2 /* UIImageToDataTransformer.m in Sources */ = {isa = PBXBuildFile; fileRef = 6D755F9A10CBDE74004D36F2 /* UIImageToDataTransformer.m */; };
		6D761C5310D99BD60050E414 /* ViewManager.m in Sources */ = {isa = PBXBuildFile; fileRef = 6D761C5210D99BD60050E414 /* ViewManager.m */; };
		6D7768DF10CAE8E30047C8C6 /* GenericContact.png in Resources */ = {isa = PBXBuildFile; fileRef = 6D7768DE10CAE8E30047C8C6 /* GenericContact.png */; };
		6D7A548010FA0193001E9FB1 /* MapAnnotation.m in Sources */ = {isa = PBXBuildFile; fileRef = 6D7A547F10FA0193001E9FB1 /* MapAnnotation.m */; };
		6D7B563410B02171007942E0 /* TextFieldCell.m in Sources */ = {isa = PBXBuildFile; fileRef = 6D7B563310B02171007942E0 /* TextFieldCell.m */; };
		6D7B564810B02331007942E0 /* TextFieldCell.xib in Resources */ = {isa = PBXBuildFile; fileRef = 6D7B564710B02331007942E0 /* TextFieldCell.xib */; };
		6D7B570110B049FB007942E0 /* NonEditableCell.m in Sources */ = {isa = PBXBuildFile; fileRef = 6D7B570010B049FB007942E0 /* NonEditableCell.m */; };
		6D7B570710B04AC0007942E0 /* NonEditableCell.xib in Resources */ = {isa = PBXBuildFile; fileRef = 6D7B570610B04AC0007942E0 /* NonEditableCell.xib */; };
		6D7B570C10B04BAE007942E0 /* CellManager.m in Sources */ = {isa = PBXBuildFile; fileRef = 6D7B570B10B04BAE007942E0 /* CellManager.m */; };
		6D7B58BD10B08D4A007942E0 /* CellExtension.m in Sources */ = {isa = PBXBuildFile; fileRef = 6D7B58BC10B08D4A007942E0 /* CellExtension.m */; };
		6D7DCF2A108B3CE200DFFDFE /* Checklist.xib in Resources */ = {isa = PBXBuildFile; fileRef = 6D7DCF29108B3CE200DFFDFE /* Checklist.xib */; };
		6D7DCF2C108B3CEC00DFFDFE /* Trips.xib in Resources */ = {isa = PBXBuildFile; fileRef = 6D7DCF2B108B3CEC00DFFDFE /* Trips.xib */; };
		6D7DCF34108B3E4400DFFDFE /* ChecklistController.m in Sources */ = {isa = PBXBuildFile; fileRef = 6D7DCF33108B3E4400DFFDFE /* ChecklistController.m */; };
		6D7DD030108B813B00DFFDFE /* TripTableController.m in Sources */ = {isa = PBXBuildFile; fileRef = 6D7DD02F108B813B00DFFDFE /* TripTableController.m */; };
		6D812E301143E02900173980 /* DestinationDetailController.m in Sources */ = {isa = PBXBuildFile; fileRef = 6D812E2F1143E02900173980 /* DestinationDetailController.m */; };
		6D812E6F1143FE3400173980 /* GoogleServices.m in Sources */ = {isa = PBXBuildFile; fileRef = 6D812E6E1143FE3400173980 /* GoogleServices.m */; };
		6D812F3B114417E900173980 /* GoogleQuery.m in Sources */ = {isa = PBXBuildFile; fileRef = 6D812F3A114417E900173980 /* GoogleQuery.m */; };
		6D812F601144230D00173980 /* QueryResultController.m in Sources */ = {isa = PBXBuildFile; fileRef = 6D812F5F1144230D00173980 /* QueryResultController.m */; };
		6D82433B10C29E6E0008DC60 /* Logger.m in Sources */ = {isa = PBXBuildFile; fileRef = 6D82433A10C29E6D0008DC60 /* Logger.m */; };
		6D82441F10C2B0300008DC60 /* CoreDataManager.m in Sources */ = {isa = PBXBuildFile; fileRef = 6D82441E10C2B0300008DC60 /* CoreDataManager.m */; };
		6D82EFF7109DA5F800A03436 /* Jaunt.xcdatamodel in Sources */ = {isa = PBXBuildFile; fileRef = 6D82EFF6109DA5F800A03436 /* Jaunt.xcdatamodel */; };
		6D82EFFD109DA66400A03436 /* Trip.m in Sources */ = {isa = PBXBuildFile; fileRef = 6D82EFFC109DA66400A03436 /* Trip.m */; };
		6D86B76610F0C88B00FC366A /* CoreLocation.framework in Frameworks */ = {isa = PBXBuildFile; fileRef = 6D86B76510F0C88B00FC366A /* CoreLocation.framework */; };
		6D879029110C79E70087BD94 /* ImageHelper.m in Sources */ = {isa = PBXBuildFile; fileRef = 6D879028110C79E70087BD94 /* ImageHelper.m */; };
		6D879039110C7A540087BD94 /* QuartzCore.framework in Frameworks */ = {isa = PBXBuildFile; fileRef = 6D879038110C7A540087BD94 /* QuartzCore.framework */; };
		6D8A0CCD10E7DA12007001B5 /* City.m in Sources */ = {isa = PBXBuildFile; fileRef = 6D8A0CCC10E7DA12007001B5 /* City.m */; };
		6D8B454A10BCB1CA00FE4212 /* TextFieldExtension.m in Sources */ = {isa = PBXBuildFile; fileRef = 6D8B454910BCB1CA00FE4212 /* TextFieldExtension.m */; };
		6D8B455710BCB67A00FE4212 /* IndexedTextField.m in Sources */ = {isa = PBXBuildFile; fileRef = 6D8B455610BCB67A00FE4212 /* IndexedTextField.m */; };
		6D8C911A1172357000A0C550 /* WeatherDetailController.m in Sources */ = {isa = PBXBuildFile; fileRef = 6D8C91191172357000A0C550 /* WeatherDetailController.m */; };
		6D8C924410DE8A6F00D79F44 /* Foundation.framework in Frameworks */ = {isa = PBXBuildFile; fileRef = 1D30AB110D05D00D00671497 /* Foundation.framework */; };
		6D8C924510DE8A7F00D79F44 /* UIKit.framework in Frameworks */ = {isa = PBXBuildFile; fileRef = 1DF5F4DF0D08C38300B7A737 /* UIKit.framework */; };
		6D8C924610DE8A8800D79F44 /* CoreGraphics.framework in Frameworks */ = {isa = PBXBuildFile; fileRef = 288765FC0DF74451002DB57D /* CoreGraphics.framework */; };
		6D8C924710DE8A9900D79F44 /* MapKit.framework in Frameworks */ = {isa = PBXBuildFile; fileRef = 6D632C6510828ECA009769E5 /* MapKit.framework */; };
		6D8C924810DE8AA000D79F44 /* CoreData.framework in Frameworks */ = {isa = PBXBuildFile; fileRef = 6D82F0B5109DA82900A03436 /* CoreData.framework */; };
		6D8E4CF310D3D4CB0009FD80 /* UIImage+Extension.m in Sources */ = {isa = PBXBuildFile; fileRef = 6D8E4CF210D3D4CB0009FD80 /* UIImage+Extension.m */; };
		6D8E4D4710D420080009FD80 /* ActivityManager.m in Sources */ = {isa = PBXBuildFile; fileRef = 6D8E4D4610D420080009FD80 /* ActivityManager.m */; };
		6D90F3851170B38D006B2690 /* DateUtils.m in Sources */ = {isa = PBXBuildFile; fileRef = 6D90F3841170B38D006B2690 /* DateUtils.m */; };
		6D90F3C21170BC85006B2690 /* Forecast.m in Sources */ = {isa = PBXBuildFile; fileRef = 6D90F3C11170BC85006B2690 /* Forecast.m */; };
		6D90F4C011710145006B2690 /* ForecastDetail.m in Sources */ = {isa = PBXBuildFile; fileRef = 6D90F4BF11710145006B2690 /* ForecastDetail.m */; };
		6D946ACC1166082200CA3206 /* ASIAuthenticationDialog.m in Sources */ = {isa = PBXBuildFile; fileRef = 6D946AC01166082200CA3206 /* ASIAuthenticationDialog.m */; };
		6D946ACD1166082200CA3206 /* ASIFormDataRequest.m in Sources */ = {isa = PBXBuildFile; fileRef = 6D946AC21166082200CA3206 /* ASIFormDataRequest.m */; };
		6D946ACE1166082200CA3206 /* ASIHTTPRequest.m in Sources */ = {isa = PBXBuildFile; fileRef = 6D946AC41166082200CA3206 /* ASIHTTPRequest.m */; };
		6D946ACF1166082200CA3206 /* ASIInputStream.m in Sources */ = {isa = PBXBuildFile; fileRef = 6D946AC71166082200CA3206 /* ASIInputStream.m */; };
		6D946AD01166082200CA3206 /* ASINetworkQueue.m in Sources */ = {isa = PBXBuildFile; fileRef = 6D946AC91166082200CA3206 /* ASINetworkQueue.m */; };
		6D946AD11166082200CA3206 /* ASINSStringAdditions.m in Sources */ = {isa = PBXBuildFile; fileRef = 6D946ACB1166082200CA3206 /* ASINSStringAdditions.m */; };
		6D946ADE1166088A00CA3206 /* CFNetwork.framework in Frameworks */ = {isa = PBXBuildFile; fileRef = 6D946ADD1166088A00CA3206 /* CFNetwork.framework */; };
		6D946AE01166089800CA3206 /* SystemConfiguration.framework in Frameworks */ = {isa = PBXBuildFile; fileRef = 6D946ADF1166089800CA3206 /* SystemConfiguration.framework */; };
		6D946AE2116608A100CA3206 /* MobileCoreServices.framework in Frameworks */ = {isa = PBXBuildFile; fileRef = 6D946AE1116608A100CA3206 /* MobileCoreServices.framework */; };
		6D946AE6116608D600CA3206 /* libz.1.2.3.dylib in Frameworks */ = {isa = PBXBuildFile; fileRef = 6D946AE5116608D600CA3206 /* libz.1.2.3.dylib */; };
		6D946AE91166097800CA3206 /* Reachability.m in Sources */ = {isa = PBXBuildFile; fileRef = 6D946AE81166097800CA3206 /* Reachability.m */; };
		6D955BC4114BDAA800173CF9 /* QueryDetailController.m in Sources */ = {isa = PBXBuildFile; fileRef = 6D955BC3114BDAA800173CF9 /* QueryDetailController.m */; };
		6D975AD0114D1036001B3E13 /* LodgingEntry.m in Sources */ = {isa = PBXBuildFile; fileRef = 6D975ACF114D1036001B3E13 /* LodgingEntry.m */; };
		6D975AEC114D12F6001B3E13 /* EventEntry.m in Sources */ = {isa = PBXBuildFile; fileRef = 6D975AEB114D12F6001B3E13 /* EventEntry.m */; };
		6D975D3D114DA570001B3E13 /* RestaurantEntry.m in Sources */ = {isa = PBXBuildFile; fileRef = 6D975D3C114DA570001B3E13 /* RestaurantEntry.m */; };
		6DA07D5E109A7CCC0071D22C /* blue_blank.png in Resources */ = {isa = PBXBuildFile; fileRef = 6DA07D5D109A7CCC0071D22C /* blue_blank.png */; };
		6DA1827A10AEE95B0084CFAE /* Destination.m in Sources */ = {isa = PBXBuildFile; fileRef = 6DA1827910AEE95B0084CFAE /* Destination.m */; };
		6DD7220F10933F93008E5906 /* AddTripController.m in Sources */ = {isa = PBXBuildFile; fileRef = 6DD7220E10933F93008E5906 /* AddTripController.m */; };
		6DF00136109E3265006E1AB2 /* EditTripController.m in Sources */ = {isa = PBXBuildFile; fileRef = 6DF00135109E3265006E1AB2 /* EditTripController.m */; };
/* End PBXBuildFile section */

/* Begin PBXContainerItemProxy section */
		6D04B0B6111F3EC4002DBF3F /* PBXContainerItemProxy */ = {
			isa = PBXContainerItemProxy;
			containerPortal = 6D8F8755111F29A5003061A5 /* GData.xcodeproj */;
			proxyType = 1;
			remoteGlobalIDString = 4F1C6E0E1027B3CE00B46459;
			remoteInfo = GDataTouchStaticLib;
		};
		6D8F8773111F29BF003061A5 /* PBXContainerItemProxy */ = {
			isa = PBXContainerItemProxy;
			containerPortal = 6D8F8755111F29A5003061A5 /* GData.xcodeproj */;
			proxyType = 2;
			remoteGlobalIDString = 4F38F6A60B66E91D00B24B81;
			remoteInfo = GDataFramework;
		};
		6D8F8775111F29BF003061A5 /* PBXContainerItemProxy */ = {
			isa = PBXContainerItemProxy;
			containerPortal = 6D8F8755111F29A5003061A5 /* GData.xcodeproj */;
			proxyType = 2;
			remoteGlobalIDString = 4F1C6E0F1027B3CE00B46459;
			remoteInfo = GDataTouchStaticLib;
		};
		6D8F8777111F29BF003061A5 /* PBXContainerItemProxy */ = {
			isa = PBXContainerItemProxy;
			containerPortal = 6D8F8755111F29A5003061A5 /* GData.xcodeproj */;
			proxyType = 2;
			remoteGlobalIDString = 4F14A9DD0B1276B70072EBB8;
			remoteInfo = GDataUnitTests;
		};
		6D8F8779111F29BF003061A5 /* PBXContainerItemProxy */ = {
			isa = PBXContainerItemProxy;
			containerPortal = 6D8F8755111F29A5003061A5 /* GData.xcodeproj */;
			proxyType = 2;
			remoteGlobalIDString = 4F85E018103B83B700B4C418;
			remoteInfo = GDataIPhoneUnitTests;
		};
		6D8F877B111F29BF003061A5 /* PBXContainerItemProxy */ = {
			isa = PBXContainerItemProxy;
			containerPortal = 6D8F8755111F29A5003061A5 /* GData.xcodeproj */;
			proxyType = 2;
			remoteGlobalIDString = 4F1AD9020B71603F00DC0485;
			remoteInfo = DevelopmentTestTool;
		};
/* End PBXContainerItemProxy section */

/* Begin PBXFileReference section */
		1D30AB110D05D00D00671497 /* Foundation.framework */ = {isa = PBXFileReference; lastKnownFileType = wrapper.framework; name = Foundation.framework; path = System/Library/Frameworks/Foundation.framework; sourceTree = SDKROOT; };
		1D3623240D0F684500981E51 /* JauntAppDelegate.h */ = {isa = PBXFileReference; fileEncoding = 4; lastKnownFileType = sourcecode.c.h; path = JauntAppDelegate.h; sourceTree = "<group>"; };
		1D3623250D0F684500981E51 /* JauntAppDelegate.m */ = {isa = PBXFileReference; fileEncoding = 4; lastKnownFileType = sourcecode.c.objc; path = JauntAppDelegate.m; sourceTree = "<group>"; };
		1D6058910D05DD3D006BFB54 /* Jaunt.app */ = {isa = PBXFileReference; explicitFileType = wrapper.application; includeInIndex = 0; path = Jaunt.app; sourceTree = BUILT_PRODUCTS_DIR; };
		1DF5F4DF0D08C38300B7A737 /* UIKit.framework */ = {isa = PBXFileReference; lastKnownFileType = wrapper.framework; name = UIKit.framework; path = System/Library/Frameworks/UIKit.framework; sourceTree = SDKROOT; };
		288765FC0DF74451002DB57D /* CoreGraphics.framework */ = {isa = PBXFileReference; lastKnownFileType = wrapper.framework; name = CoreGraphics.framework; path = System/Library/Frameworks/CoreGraphics.framework; sourceTree = SDKROOT; };
		28AD733E0D9D9553002E5188 /* MainWindow.xib */ = {isa = PBXFileReference; lastKnownFileType = file.xib; path = MainWindow.xib; sourceTree = "<group>"; };
		29B97316FDCFA39411CA2CEA /* main.m */ = {isa = PBXFileReference; fileEncoding = 4; lastKnownFileType = sourcecode.c.objc; path = main.m; sourceTree = "<group>"; };
		32CA4F630368D1EE00C91783 /* Jaunt_Prefix.pch */ = {isa = PBXFileReference; fileEncoding = 4; lastKnownFileType = sourcecode.c.h; path = Jaunt_Prefix.pch; sourceTree = "<group>"; };
		6D488D8110D544C900F90D44 /* CameraController.h */ = {isa = PBXFileReference; fileEncoding = 4; lastKnownFileType = sourcecode.c.h; path = CameraController.h; sourceTree = "<group>"; };
		6D488D8210D544C900F90D44 /* CameraController.m */ = {isa = PBXFileReference; fileEncoding = 4; lastKnownFileType = sourcecode.c.objc; path = CameraController.m; sourceTree = "<group>"; };
		6D488DC010D556B700F90D44 /* CameraControllerDelegate.h */ = {isa = PBXFileReference; fileEncoding = 4; lastKnownFileType = sourcecode.c.h; path = CameraControllerDelegate.h; sourceTree = "<group>"; };
		6D503D7E10F8D79D00921BAC /* Jaunt.sqlite */ = {isa = PBXFileReference; lastKnownFileType = file; path = Jaunt.sqlite; sourceTree = "<group>"; };
		6D632B06108256F1009769E5 /* RouteController.h */ = {isa = PBXFileReference; fileEncoding = 4; lastKnownFileType = sourcecode.c.h; path = RouteController.h; sourceTree = "<group>"; };
		6D632B07108256F1009769E5 /* RouteController.m */ = {isa = PBXFileReference; fileEncoding = 4; lastKnownFileType = sourcecode.c.objc; path = RouteController.m; sourceTree = "<group>"; };
		6D632B0910825703009769E5 /* WeatherController.h */ = {isa = PBXFileReference; fileEncoding = 4; lastKnownFileType = sourcecode.c.h; path = WeatherController.h; sourceTree = "<group>"; };
		6D632B0A10825703009769E5 /* WeatherController.m */ = {isa = PBXFileReference; fileEncoding = 4; lastKnownFileType = sourcecode.c.objc; path = WeatherController.m; sourceTree = "<group>"; };
		6D632B0F10825724009769E5 /* ReservationController.h */ = {isa = PBXFileReference; fileEncoding = 4; lastKnownFileType = sourcecode.c.h; path = ReservationController.h; sourceTree = "<group>"; };
		6D632B1010825724009769E5 /* ReservationController.m */ = {isa = PBXFileReference; fileEncoding = 4; lastKnownFileType = sourcecode.c.objc; path = ReservationController.m; sourceTree = "<group>"; };
		6D632B121082578E009769E5 /* RouteView.xib */ = {isa = PBXFileReference; lastKnownFileType = file.xib; path = RouteView.xib; sourceTree = "<group>"; };
		6D632B14108257A0009769E5 /* WeatherView.xib */ = {isa = PBXFileReference; lastKnownFileType = file.xib; path = WeatherView.xib; sourceTree = "<group>"; };
		6D632B18108257C7009769E5 /* ReservationView.xib */ = {isa = PBXFileReference; lastKnownFileType = file.xib; path = ReservationView.xib; sourceTree = "<group>"; };
		6D632B2810825F1F009769E5 /* Route.png */ = {isa = PBXFileReference; lastKnownFileType = image.png; path = Route.png; sourceTree = "<group>"; };
		6D632C6510828ECA009769E5 /* MapKit.framework */ = {isa = PBXFileReference; lastKnownFileType = wrapper.framework; name = MapKit.framework; path = System/Library/Frameworks/MapKit.framework; sourceTree = SDKROOT; };
		6D70783D10B4D20100CDA8FD /* DestinationController.h */ = {isa = PBXFileReference; fileEncoding = 4; lastKnownFileType = sourcecode.c.h; path = DestinationController.h; sourceTree = "<group>"; };
		6D70783E10B4D20100CDA8FD /* DestinationController.m */ = {isa = PBXFileReference; fileEncoding = 4; lastKnownFileType = sourcecode.c.objc; path = DestinationController.m; sourceTree = "<group>"; };
		6D755F9410CBDD33004D36F2 /* Photo.h */ = {isa = PBXFileReference; fileEncoding = 4; lastKnownFileType = sourcecode.c.h; path = Photo.h; sourceTree = "<group>"; };
		6D755F9510CBDD33004D36F2 /* Photo.m */ = {isa = PBXFileReference; fileEncoding = 4; lastKnownFileType = sourcecode.c.objc; path = Photo.m; sourceTree = "<group>"; };
		6D755F9910CBDE74004D36F2 /* UIImageToDataTransformer.h */ = {isa = PBXFileReference; fileEncoding = 4; lastKnownFileType = sourcecode.c.h; path = UIImageToDataTransformer.h; sourceTree = "<group>"; };
		6D755F9A10CBDE74004D36F2 /* UIImageToDataTransformer.m */ = {isa = PBXFileReference; fileEncoding = 4; lastKnownFileType = sourcecode.c.objc; path = UIImageToDataTransformer.m; sourceTree = "<group>"; };
		6D761C5110D99BD60050E414 /* ViewManager.h */ = {isa = PBXFileReference; fileEncoding = 4; lastKnownFileType = sourcecode.c.h; path = ViewManager.h; sourceTree = "<group>"; };
		6D761C5210D99BD60050E414 /* ViewManager.m */ = {isa = PBXFileReference; fileEncoding = 4; lastKnownFileType = sourcecode.c.objc; path = ViewManager.m; sourceTree = "<group>"; };
		6D7768DE10CAE8E30047C8C6 /* GenericContact.png */ = {isa = PBXFileReference; lastKnownFileType = image.png; path = GenericContact.png; sourceTree = "<group>"; };
		6D7A547E10FA0193001E9FB1 /* MapAnnotation.h */ = {isa = PBXFileReference; fileEncoding = 4; lastKnownFileType = sourcecode.c.h; path = MapAnnotation.h; sourceTree = "<group>"; };
		6D7A547F10FA0193001E9FB1 /* MapAnnotation.m */ = {isa = PBXFileReference; fileEncoding = 4; lastKnownFileType = sourcecode.c.objc; path = MapAnnotation.m; sourceTree = "<group>"; };
		6D7B563210B02171007942E0 /* TextFieldCell.h */ = {isa = PBXFileReference; fileEncoding = 4; lastKnownFileType = sourcecode.c.h; path = TextFieldCell.h; sourceTree = "<group>"; };
		6D7B563310B02171007942E0 /* TextFieldCell.m */ = {isa = PBXFileReference; fileEncoding = 4; lastKnownFileType = sourcecode.c.objc; path = TextFieldCell.m; sourceTree = "<group>"; };
		6D7B564710B02331007942E0 /* TextFieldCell.xib */ = {isa = PBXFileReference; lastKnownFileType = file.xib; path = TextFieldCell.xib; sourceTree = "<group>"; };
		6D7B56FF10B049FB007942E0 /* NonEditableCell.h */ = {isa = PBXFileReference; fileEncoding = 4; lastKnownFileType = sourcecode.c.h; path = NonEditableCell.h; sourceTree = "<group>"; };
		6D7B570010B049FB007942E0 /* NonEditableCell.m */ = {isa = PBXFileReference; fileEncoding = 4; lastKnownFileType = sourcecode.c.objc; path = NonEditableCell.m; sourceTree = "<group>"; };
		6D7B570610B04AC0007942E0 /* NonEditableCell.xib */ = {isa = PBXFileReference; lastKnownFileType = file.xib; path = NonEditableCell.xib; sourceTree = "<group>"; };
		6D7B570A10B04BAE007942E0 /* CellManager.h */ = {isa = PBXFileReference; fileEncoding = 4; lastKnownFileType = sourcecode.c.h; path = CellManager.h; sourceTree = "<group>"; };
		6D7B570B10B04BAE007942E0 /* CellManager.m */ = {isa = PBXFileReference; fileEncoding = 4; lastKnownFileType = sourcecode.c.objc; path = CellManager.m; sourceTree = "<group>"; };
		6D7B582F10B07C38007942E0 /* CellExtension.h */ = {isa = PBXFileReference; fileEncoding = 4; lastKnownFileType = sourcecode.c.h; path = CellExtension.h; sourceTree = "<group>"; };
		6D7B58BC10B08D4A007942E0 /* CellExtension.m */ = {isa = PBXFileReference; fileEncoding = 4; lastKnownFileType = sourcecode.c.objc; path = CellExtension.m; sourceTree = "<group>"; };
		6D7DCF29108B3CE200DFFDFE /* Checklist.xib */ = {isa = PBXFileReference; lastKnownFileType = file.xib; path = Checklist.xib; sourceTree = "<group>"; };
		6D7DCF2B108B3CEC00DFFDFE /* Trips.xib */ = {isa = PBXFileReference; lastKnownFileType = file.xib; path = Trips.xib; sourceTree = "<group>"; };
		6D7DCF32108B3E4400DFFDFE /* ChecklistController.h */ = {isa = PBXFileReference; fileEncoding = 4; lastKnownFileType = sourcecode.c.h; path = ChecklistController.h; sourceTree = "<group>"; };
		6D7DCF33108B3E4400DFFDFE /* ChecklistController.m */ = {isa = PBXFileReference; fileEncoding = 4; lastKnownFileType = sourcecode.c.objc; path = ChecklistController.m; sourceTree = "<group>"; };
		6D7DD02E108B813B00DFFDFE /* TripTableController.h */ = {isa = PBXFileReference; fileEncoding = 4; lastKnownFileType = sourcecode.c.h; path = TripTableController.h; sourceTree = "<group>"; };
		6D7DD02F108B813B00DFFDFE /* TripTableController.m */ = {isa = PBXFileReference; fileEncoding = 4; lastKnownFileType = sourcecode.c.objc; path = TripTableController.m; sourceTree = "<group>"; };
		6D812E2E1143E02900173980 /* DestinationDetailController.h */ = {isa = PBXFileReference; fileEncoding = 4; lastKnownFileType = sourcecode.c.h; path = DestinationDetailController.h; sourceTree = "<group>"; };
		6D812E2F1143E02900173980 /* DestinationDetailController.m */ = {isa = PBXFileReference; fileEncoding = 4; lastKnownFileType = sourcecode.c.objc; path = DestinationDetailController.m; sourceTree = "<group>"; };
		6D812E6D1143FE3400173980 /* GoogleServices.h */ = {isa = PBXFileReference; fileEncoding = 4; lastKnownFileType = sourcecode.c.h; path = GoogleServices.h; sourceTree = "<group>"; };
		6D812E6E1143FE3400173980 /* GoogleServices.m */ = {isa = PBXFileReference; fileEncoding = 4; lastKnownFileType = sourcecode.c.objc; path = GoogleServices.m; sourceTree = "<group>"; };
		6D812F39114417E900173980 /* GoogleQuery.h */ = {isa = PBXFileReference; fileEncoding = 4; lastKnownFileType = sourcecode.c.h; path = GoogleQuery.h; sourceTree = "<group>"; };
		6D812F3A114417E900173980 /* GoogleQuery.m */ = {isa = PBXFileReference; fileEncoding = 4; lastKnownFileType = sourcecode.c.objc; path = GoogleQuery.m; sourceTree = "<group>"; };
		6D812F5E1144230D00173980 /* QueryResultController.h */ = {isa = PBXFileReference; fileEncoding = 4; lastKnownFileType = sourcecode.c.h; path = QueryResultController.h; sourceTree = "<group>"; };
		6D812F5F1144230D00173980 /* QueryResultController.m */ = {isa = PBXFileReference; fileEncoding = 4; lastKnownFileType = sourcecode.c.objc; path = QueryResultController.m; sourceTree = "<group>"; };
		6D82433910C29E6D0008DC60 /* Logger.h */ = {isa = PBXFileReference; fileEncoding = 4; lastKnownFileType = sourcecode.c.h; path = Logger.h; sourceTree = "<group>"; };
		6D82433A10C29E6D0008DC60 /* Logger.m */ = {isa = PBXFileReference; fileEncoding = 4; lastKnownFileType = sourcecode.c.objc; path = Logger.m; sourceTree = "<group>"; };
		6D82441D10C2B0300008DC60 /* CoreDataManager.h */ = {isa = PBXFileReference; fileEncoding = 4; lastKnownFileType = sourcecode.c.h; path = CoreDataManager.h; sourceTree = "<group>"; };
		6D82441E10C2B0300008DC60 /* CoreDataManager.m */ = {isa = PBXFileReference; fileEncoding = 4; lastKnownFileType = sourcecode.c.objc; path = CoreDataManager.m; sourceTree = "<group>"; };
		6D82BCC810BB67710095DB22 /* TextFieldExtension.h */ = {isa = PBXFileReference; fileEncoding = 4; lastKnownFileType = sourcecode.c.h; path = TextFieldExtension.h; sourceTree = "<group>"; };
		6D82EFF6109DA5F800A03436 /* Jaunt.xcdatamodel */ = {isa = PBXFileReference; fileEncoding = 4; lastKnownFileType = wrapper.xcdatamodel; path = Jaunt.xcdatamodel; sourceTree = "<group>"; };
		6D82EFFB109DA66400A03436 /* Trip.h */ = {isa = PBXFileReference; fileEncoding = 4; lastKnownFileType = sourcecode.c.h; path = Trip.h; sourceTree = "<group>"; };
		6D82EFFC109DA66400A03436 /* Trip.m */ = {isa = PBXFileReference; fileEncoding = 4; lastKnownFileType = sourcecode.c.objc; path = Trip.m; sourceTree = "<group>"; };
		6D82F0B5109DA82900A03436 /* CoreData.framework */ = {isa = PBXFileReference; lastKnownFileType = wrapper.framework; name = CoreData.framework; path = System/Library/Frameworks/CoreData.framework; sourceTree = SDKROOT; };
		6D86B76510F0C88B00FC366A /* CoreLocation.framework */ = {isa = PBXFileReference; lastKnownFileType = wrapper.framework; name = CoreLocation.framework; path = ../../../../../../System/Library/Frameworks/CoreLocation.framework; sourceTree = SDKROOT; };
		6D879027110C79E70087BD94 /* ImageHelper.h */ = {isa = PBXFileReference; fileEncoding = 4; lastKnownFileType = sourcecode.c.h; path = ImageHelper.h; sourceTree = "<group>"; };
		6D879028110C79E70087BD94 /* ImageHelper.m */ = {isa = PBXFileReference; fileEncoding = 4; lastKnownFileType = sourcecode.c.objc; path = ImageHelper.m; sourceTree = "<group>"; };
		6D879038110C7A540087BD94 /* QuartzCore.framework */ = {isa = PBXFileReference; lastKnownFileType = wrapper.framework; name = QuartzCore.framework; path = /System/Library/Frameworks/QuartzCore.framework; sourceTree = "<absolute>"; };
		6D8A0CCB10E7DA12007001B5 /* City.h */ = {isa = PBXFileReference; fileEncoding = 4; lastKnownFileType = sourcecode.c.h; path = City.h; sourceTree = "<group>"; };
		6D8A0CCC10E7DA12007001B5 /* City.m */ = {isa = PBXFileReference; fileEncoding = 4; lastKnownFileType = sourcecode.c.objc; path = City.m; sourceTree = "<group>"; };
		6D8B454910BCB1CA00FE4212 /* TextFieldExtension.m */ = {isa = PBXFileReference; fileEncoding = 4; lastKnownFileType = sourcecode.c.objc; path = TextFieldExtension.m; sourceTree = "<group>"; };
		6D8B455510BCB67A00FE4212 /* IndexedTextField.h */ = {isa = PBXFileReference; fileEncoding = 4; lastKnownFileType = sourcecode.c.h; path = IndexedTextField.h; sourceTree = "<group>"; };
		6D8B455610BCB67A00FE4212 /* IndexedTextField.m */ = {isa = PBXFileReference; fileEncoding = 4; lastKnownFileType = sourcecode.c.objc; path = IndexedTextField.m; sourceTree = "<group>"; };
		6D8C91181172357000A0C550 /* WeatherDetailController.h */ = {isa = PBXFileReference; fileEncoding = 4; lastKnownFileType = sourcecode.c.h; path = WeatherDetailController.h; sourceTree = "<group>"; };
		6D8C91191172357000A0C550 /* WeatherDetailController.m */ = {isa = PBXFileReference; fileEncoding = 4; lastKnownFileType = sourcecode.c.objc; path = WeatherDetailController.m; sourceTree = "<group>"; };
		6D8E4CF110D3D4CB0009FD80 /* UIImage+Extension.h */ = {isa = PBXFileReference; fileEncoding = 4; lastKnownFileType = sourcecode.c.h; path = "UIImage+Extension.h"; sourceTree = "<group>"; };
		6D8E4CF210D3D4CB0009FD80 /* UIImage+Extension.m */ = {isa = PBXFileReference; fileEncoding = 4; lastKnownFileType = sourcecode.c.objc; path = "UIImage+Extension.m"; sourceTree = "<group>"; };
		6D8E4D4510D420080009FD80 /* ActivityManager.h */ = {isa = PBXFileReference; fileEncoding = 4; lastKnownFileType = sourcecode.c.h; path = ActivityManager.h; sourceTree = "<group>"; };
		6D8E4D4610D420080009FD80 /* ActivityManager.m */ = {isa = PBXFileReference; fileEncoding = 4; lastKnownFileType = sourcecode.c.objc; path = ActivityManager.m; sourceTree = "<group>"; };
		6D8F8755111F29A5003061A5 /* GData.xcodeproj */ = {isa = PBXFileReference; lastKnownFileType = "wrapper.pb-project"; path = GData.xcodeproj; sourceTree = GDATA_SRC; };
		6D90F3831170B38D006B2690 /* DateUtils.h */ = {isa = PBXFileReference; fileEncoding = 4; lastKnownFileType = sourcecode.c.h; path = DateUtils.h; sourceTree = "<group>"; };
		6D90F3841170B38D006B2690 /* DateUtils.m */ = {isa = PBXFileReference; fileEncoding = 4; lastKnownFileType = sourcecode.c.objc; path = DateUtils.m; sourceTree = "<group>"; };
		6D90F3C01170BC85006B2690 /* Forecast.h */ = {isa = PBXFileReference; fileEncoding = 4; lastKnownFileType = sourcecode.c.h; path = Forecast.h; sourceTree = "<group>"; };
		6D90F3C11170BC85006B2690 /* Forecast.m */ = {isa = PBXFileReference; fileEncoding = 4; lastKnownFileType = sourcecode.c.objc; path = Forecast.m; sourceTree = "<group>"; };
		6D90F4BE11710145006B2690 /* ForecastDetail.h */ = {isa = PBXFileReference; fileEncoding = 4; lastKnownFileType = sourcecode.c.h; path = ForecastDetail.h; sourceTree = "<group>"; };
		6D90F4BF11710145006B2690 /* ForecastDetail.m */ = {isa = PBXFileReference; fileEncoding = 4; lastKnownFileType = sourcecode.c.objc; path = ForecastDetail.m; sourceTree = "<group>"; };
		6D946ABF1166082200CA3206 /* ASIAuthenticationDialog.h */ = {isa = PBXFileReference; fileEncoding = 4; lastKnownFileType = sourcecode.c.h; path = ASIAuthenticationDialog.h; sourceTree = "<group>"; };
		6D946AC01166082200CA3206 /* ASIAuthenticationDialog.m */ = {isa = PBXFileReference; fileEncoding = 4; lastKnownFileType = sourcecode.c.objc; path = ASIAuthenticationDialog.m; sourceTree = "<group>"; };
		6D946AC11166082200CA3206 /* ASIFormDataRequest.h */ = {isa = PBXFileReference; fileEncoding = 4; lastKnownFileType = sourcecode.c.h; path = ASIFormDataRequest.h; sourceTree = "<group>"; };
		6D946AC21166082200CA3206 /* ASIFormDataRequest.m */ = {isa = PBXFileReference; fileEncoding = 4; lastKnownFileType = sourcecode.c.objc; path = ASIFormDataRequest.m; sourceTree = "<group>"; };
		6D946AC31166082200CA3206 /* ASIHTTPRequest.h */ = {isa = PBXFileReference; fileEncoding = 4; lastKnownFileType = sourcecode.c.h; path = ASIHTTPRequest.h; sourceTree = "<group>"; };
		6D946AC41166082200CA3206 /* ASIHTTPRequest.m */ = {isa = PBXFileReference; fileEncoding = 4; lastKnownFileType = sourcecode.c.objc; path = ASIHTTPRequest.m; sourceTree = "<group>"; };
		6D946AC51166082200CA3206 /* ASIHTTPRequestConfig.h */ = {isa = PBXFileReference; fileEncoding = 4; lastKnownFileType = sourcecode.c.h; path = ASIHTTPRequestConfig.h; sourceTree = "<group>"; };
		6D946AC61166082200CA3206 /* ASIInputStream.h */ = {isa = PBXFileReference; fileEncoding = 4; lastKnownFileType = sourcecode.c.h; path = ASIInputStream.h; sourceTree = "<group>"; };
		6D946AC71166082200CA3206 /* ASIInputStream.m */ = {isa = PBXFileReference; fileEncoding = 4; lastKnownFileType = sourcecode.c.objc; path = ASIInputStream.m; sourceTree = "<group>"; };
		6D946AC81166082200CA3206 /* ASINetworkQueue.h */ = {isa = PBXFileReference; fileEncoding = 4; lastKnownFileType = sourcecode.c.h; path = ASINetworkQueue.h; sourceTree = "<group>"; };
		6D946AC91166082200CA3206 /* ASINetworkQueue.m */ = {isa = PBXFileReference; fileEncoding = 4; lastKnownFileType = sourcecode.c.objc; path = ASINetworkQueue.m; sourceTree = "<group>"; };
		6D946ACA1166082200CA3206 /* ASINSStringAdditions.h */ = {isa = PBXFileReference; fileEncoding = 4; lastKnownFileType = sourcecode.c.h; path = ASINSStringAdditions.h; sourceTree = "<group>"; };
		6D946ACB1166082200CA3206 /* ASINSStringAdditions.m */ = {isa = PBXFileReference; fileEncoding = 4; lastKnownFileType = sourcecode.c.objc; path = ASINSStringAdditions.m; sourceTree = "<group>"; };
		6D946ADD1166088A00CA3206 /* CFNetwork.framework */ = {isa = PBXFileReference; lastKnownFileType = wrapper.framework; name = CFNetwork.framework; path = System/Library/Frameworks/CFNetwork.framework; sourceTree = SDKROOT; };
		6D946ADF1166089800CA3206 /* SystemConfiguration.framework */ = {isa = PBXFileReference; lastKnownFileType = wrapper.framework; name = SystemConfiguration.framework; path = System/Library/Frameworks/SystemConfiguration.framework; sourceTree = SDKROOT; };
		6D946AE1116608A100CA3206 /* MobileCoreServices.framework */ = {isa = PBXFileReference; lastKnownFileType = wrapper.framework; name = MobileCoreServices.framework; path = System/Library/Frameworks/MobileCoreServices.framework; sourceTree = SDKROOT; };
		6D946AE5116608D600CA3206 /* libz.1.2.3.dylib */ = {isa = PBXFileReference; lastKnownFileType = "compiled.mach-o.dylib"; name = libz.1.2.3.dylib; path = usr/lib/libz.1.2.3.dylib; sourceTree = SDKROOT; };
		6D946AE71166097800CA3206 /* Reachability.h */ = {isa = PBXFileReference; fileEncoding = 4; lastKnownFileType = sourcecode.c.h; path = Reachability.h; sourceTree = "<group>"; };
		6D946AE81166097800CA3206 /* Reachability.m */ = {isa = PBXFileReference; fileEncoding = 4; lastKnownFileType = sourcecode.c.objc; path = Reachability.m; sourceTree = "<group>"; };
		6D955BC2114BDAA800173CF9 /* QueryDetailController.h */ = {isa = PBXFileReference; fileEncoding = 4; lastKnownFileType = sourcecode.c.h; name = QueryDetailController.h; path = ../QueryDetailController.h; sourceTree = "<group>"; };
		6D955BC3114BDAA800173CF9 /* QueryDetailController.m */ = {isa = PBXFileReference; fileEncoding = 4; lastKnownFileType = sourcecode.c.objc; name = QueryDetailController.m; path = ../QueryDetailController.m; sourceTree = "<group>"; };
		6D975AC7114D0F0E001B3E13 /* GoogleEntry.h */ = {isa = PBXFileReference; fileEncoding = 4; lastKnownFileType = sourcecode.c.h; path = GoogleEntry.h; sourceTree = "<group>"; };
		6D975ACE114D1036001B3E13 /* LodgingEntry.h */ = {isa = PBXFileReference; fileEncoding = 4; lastKnownFileType = sourcecode.c.h; path = LodgingEntry.h; sourceTree = "<group>"; };
		6D975ACF114D1036001B3E13 /* LodgingEntry.m */ = {isa = PBXFileReference; fileEncoding = 4; lastKnownFileType = sourcecode.c.objc; path = LodgingEntry.m; sourceTree = "<group>"; };
		6D975AEA114D12F6001B3E13 /* EventEntry.h */ = {isa = PBXFileReference; fileEncoding = 4; lastKnownFileType = sourcecode.c.h; path = EventEntry.h; sourceTree = "<group>"; };
		6D975AEB114D12F6001B3E13 /* EventEntry.m */ = {isa = PBXFileReference; fileEncoding = 4; lastKnownFileType = sourcecode.c.objc; path = EventEntry.m; sourceTree = "<group>"; };
		6D975D3B114DA570001B3E13 /* RestaurantEntry.h */ = {isa = PBXFileReference; fileEncoding = 4; lastKnownFileType = sourcecode.c.h; path = RestaurantEntry.h; sourceTree = "<group>"; };
		6D975D3C114DA570001B3E13 /* RestaurantEntry.m */ = {isa = PBXFileReference; fileEncoding = 4; lastKnownFileType = sourcecode.c.objc; path = RestaurantEntry.m; sourceTree = "<group>"; };
		6DA07D5D109A7CCC0071D22C /* blue_blank.png */ = {isa = PBXFileReference; lastKnownFileType = image.png; path = blue_blank.png; sourceTree = "<group>"; };
		6DA1827810AEE95B0084CFAE /* Destination.h */ = {isa = PBXFileReference; fileEncoding = 4; lastKnownFileType = sourcecode.c.h; path = Destination.h; sourceTree = "<group>"; };
		6DA1827910AEE95B0084CFAE /* Destination.m */ = {isa = PBXFileReference; fileEncoding = 4; lastKnownFileType = sourcecode.c.objc; path = Destination.m; sourceTree = "<group>"; };
		6DD7220D10933F93008E5906 /* AddTripController.h */ = {isa = PBXFileReference; fileEncoding = 4; lastKnownFileType = sourcecode.c.h; path = AddTripController.h; sourceTree = "<group>"; };
		6DD7220E10933F93008E5906 /* AddTripController.m */ = {isa = PBXFileReference; fileEncoding = 4; lastKnownFileType = sourcecode.c.objc; path = AddTripController.m; sourceTree = "<group>"; };
		6DF00134109E3265006E1AB2 /* EditTripController.h */ = {isa = PBXFileReference; fileEncoding = 4; lastKnownFileType = sourcecode.c.h; path = EditTripController.h; sourceTree = "<group>"; };
		6DF00135109E3265006E1AB2 /* EditTripController.m */ = {isa = PBXFileReference; fileEncoding = 4; lastKnownFileType = sourcecode.c.objc; path = EditTripController.m; sourceTree = "<group>"; };
		8D1107310486CEB800E47090 /* Jaunt-Info.plist */ = {isa = PBXFileReference; fileEncoding = 4; lastKnownFileType = text.plist.xml; path = "Jaunt-Info.plist"; plistStructureDefinitionIdentifier = "com.apple.xcode.plist.structure-definition.iphone.info-plist"; sourceTree = "<group>"; };
/* End PBXFileReference section */

/* Begin PBXFrameworksBuildPhase section */
		1D60588F0D05DD3D006BFB54 /* Frameworks */ = {
			isa = PBXFrameworksBuildPhase;
			buildActionMask = 2147483647;
			files = (
				6D0BA06D111F5E9100AF7773 /* libGDataTouchStaticLib.a in Frameworks */,
				6D8C924410DE8A6F00D79F44 /* Foundation.framework in Frameworks */,
				6D8C924510DE8A7F00D79F44 /* UIKit.framework in Frameworks */,
				6D8C924610DE8A8800D79F44 /* CoreGraphics.framework in Frameworks */,
				6D8C924710DE8A9900D79F44 /* MapKit.framework in Frameworks */,
				6D8C924810DE8AA000D79F44 /* CoreData.framework in Frameworks */,
				6D86B76610F0C88B00FC366A /* CoreLocation.framework in Frameworks */,
				6D879039110C7A540087BD94 /* QuartzCore.framework in Frameworks */,
				6D946ADE1166088A00CA3206 /* CFNetwork.framework in Frameworks */,
				6D946AE01166089800CA3206 /* SystemConfiguration.framework in Frameworks */,
				6D946AE2116608A100CA3206 /* MobileCoreServices.framework in Frameworks */,
				6D946AE6116608D600CA3206 /* libz.1.2.3.dylib in Frameworks */,
			);
			runOnlyForDeploymentPostprocessing = 0;
		};
/* End PBXFrameworksBuildPhase section */

/* Begin PBXGroup section */
		080E96DDFE201D6D7F000001 /* Classes */ = {
			isa = PBXGroup;
			children = (
				6D90F3BF1170BC72006B2690 /* Weather */,
				6D946ABE116607D500CA3206 /* ASI */,
				6D812F32114417A400173980 /* Google */,
				6D7A547D10FA0164001E9FB1 /* Mapping */,
				6D82433810C29E490008DC60 /* Utility */,
				6D7B563110B020FA007942E0 /* Cells */,
				6D82EFFA109DA62A00A03436 /* Entities */,
				1D3623240D0F684500981E51 /* JauntAppDelegate.h */,
				1D3623250D0F684500981E51 /* JauntAppDelegate.m */,
				6D632B06108256F1009769E5 /* RouteController.h */,
				6D632B07108256F1009769E5 /* RouteController.m */,
				6D632B0910825703009769E5 /* WeatherController.h */,
				6D632B0A10825703009769E5 /* WeatherController.m */,
				6D632B0F10825724009769E5 /* ReservationController.h */,
				6D632B1010825724009769E5 /* ReservationController.m */,
				6D7DCF32108B3E4400DFFDFE /* ChecklistController.h */,
				6D7DCF33108B3E4400DFFDFE /* ChecklistController.m */,
				6D7DD02E108B813B00DFFDFE /* TripTableController.h */,
				6D7DD02F108B813B00DFFDFE /* TripTableController.m */,
				6DD7220D10933F93008E5906 /* AddTripController.h */,
				6DD7220E10933F93008E5906 /* AddTripController.m */,
				6DF00134109E3265006E1AB2 /* EditTripController.h */,
				6DF00135109E3265006E1AB2 /* EditTripController.m */,
				6D70783D10B4D20100CDA8FD /* DestinationController.h */,
				6D70783E10B4D20100CDA8FD /* DestinationController.m */,
				6D812E2E1143E02900173980 /* DestinationDetailController.h */,
				6D812E2F1143E02900173980 /* DestinationDetailController.m */,
				6D955BC2114BDAA800173CF9 /* QueryDetailController.h */,
				6D955BC3114BDAA800173CF9 /* QueryDetailController.m */,
				6D812F5E1144230D00173980 /* QueryResultController.h */,
				6D812F5F1144230D00173980 /* QueryResultController.m */,
				6D8C91181172357000A0C550 /* WeatherDetailController.h */,
				6D8C91191172357000A0C550 /* WeatherDetailController.m */,
			);
			path = Classes;
			sourceTree = "<group>";
		};
		19C28FACFE9D520D11CA2CBB /* Products */ = {
			isa = PBXGroup;
			children = (
				1D6058910D05DD3D006BFB54 /* Jaunt.app */,
			);
			name = Products;
			sourceTree = "<group>";
		};
		29B97314FDCFA39411CA2CEA /* CustomTemplate */ = {
			isa = PBXGroup;
			children = (
				6D8F8755111F29A5003061A5 /* GData.xcodeproj */,
				080E96DDFE201D6D7F000001 /* Classes */,
				29B97315FDCFA39411CA2CEA /* Other Sources */,
				29B97317FDCFA39411CA2CEA /* Resources */,
				29B97323FDCFA39411CA2CEA /* Frameworks */,
				19C28FACFE9D520D11CA2CBB /* Products */,
				6D946ADD1166088A00CA3206 /* CFNetwork.framework */,
				6D946ADF1166089800CA3206 /* SystemConfiguration.framework */,
				6D946AE1116608A100CA3206 /* MobileCoreServices.framework */,
				6D946AE5116608D600CA3206 /* libz.1.2.3.dylib */,
			);
			name = CustomTemplate;
			sourceTree = "<group>";
		};
		29B97315FDCFA39411CA2CEA /* Other Sources */ = {
			isa = PBXGroup;
			children = (
				32CA4F630368D1EE00C91783 /* Jaunt_Prefix.pch */,
				29B97316FDCFA39411CA2CEA /* main.m */,
			);
			name = "Other Sources";
			sourceTree = "<group>";
		};
		29B97317FDCFA39411CA2CEA /* Resources */ = {
			isa = PBXGroup;
			children = (
				6D503D7E10F8D79D00921BAC /* Jaunt.sqlite */,
				6D7768DE10CAE8E30047C8C6 /* GenericContact.png */,
				6DA07D5D109A7CCC0071D22C /* blue_blank.png */,
				6D632B2810825F1F009769E5 /* Route.png */,
				28AD733E0D9D9553002E5188 /* MainWindow.xib */,
				8D1107310486CEB800E47090 /* Jaunt-Info.plist */,
				6D632B121082578E009769E5 /* RouteView.xib */,
				6D632B14108257A0009769E5 /* WeatherView.xib */,
				6D632B18108257C7009769E5 /* ReservationView.xib */,
				6D7DCF29108B3CE200DFFDFE /* Checklist.xib */,
				6D7DCF2B108B3CEC00DFFDFE /* Trips.xib */,
				6D82EFF6109DA5F800A03436 /* Jaunt.xcdatamodel */,
				6D7B564710B02331007942E0 /* TextFieldCell.xib */,
				6D7B570610B04AC0007942E0 /* NonEditableCell.xib */,
			);
			name = Resources;
			sourceTree = "<group>";
		};
		29B97323FDCFA39411CA2CEA /* Frameworks */ = {
			isa = PBXGroup;
			children = (
				1DF5F4DF0D08C38300B7A737 /* UIKit.framework */,
				1D30AB110D05D00D00671497 /* Foundation.framework */,
				288765FC0DF74451002DB57D /* CoreGraphics.framework */,
				6D632C6510828ECA009769E5 /* MapKit.framework */,
				6D82F0B5109DA82900A03436 /* CoreData.framework */,
				6D86B76510F0C88B00FC366A /* CoreLocation.framework */,
				6D879038110C7A540087BD94 /* QuartzCore.framework */,
			);
			name = Frameworks;
			sourceTree = "<group>";
		};
		6D7A547D10FA0164001E9FB1 /* Mapping */ = {
			isa = PBXGroup;
			children = (
				6D7A547E10FA0193001E9FB1 /* MapAnnotation.h */,
				6D7A547F10FA0193001E9FB1 /* MapAnnotation.m */,
			);
			name = Mapping;
			sourceTree = "<group>";
		};
		6D7B563110B020FA007942E0 /* Cells */ = {
			isa = PBXGroup;
			children = (
				6D7B563210B02171007942E0 /* TextFieldCell.h */,
				6D7B563310B02171007942E0 /* TextFieldCell.m */,
				6D7B56FF10B049FB007942E0 /* NonEditableCell.h */,
				6D7B570010B049FB007942E0 /* NonEditableCell.m */,
				6D7B570A10B04BAE007942E0 /* CellManager.h */,
				6D7B570B10B04BAE007942E0 /* CellManager.m */,
				6D7B582F10B07C38007942E0 /* CellExtension.h */,
				6D7B58BC10B08D4A007942E0 /* CellExtension.m */,
				6D82BCC810BB67710095DB22 /* TextFieldExtension.h */,
				6D8B454910BCB1CA00FE4212 /* TextFieldExtension.m */,
				6D8B455510BCB67A00FE4212 /* IndexedTextField.h */,
				6D8B455610BCB67A00FE4212 /* IndexedTextField.m */,
			);
			name = Cells;
			sourceTree = "<group>";
		};
		6D812F32114417A400173980 /* Google */ = {
			isa = PBXGroup;
			children = (
				6D812E6D1143FE3400173980 /* GoogleServices.h */,
				6D812E6E1143FE3400173980 /* GoogleServices.m */,
				6D812F39114417E900173980 /* GoogleQuery.h */,
				6D812F3A114417E900173980 /* GoogleQuery.m */,
				6D975AC7114D0F0E001B3E13 /* GoogleEntry.h */,
				6D975ACE114D1036001B3E13 /* LodgingEntry.h */,
				6D975ACF114D1036001B3E13 /* LodgingEntry.m */,
				6D975AEA114D12F6001B3E13 /* EventEntry.h */,
				6D975AEB114D12F6001B3E13 /* EventEntry.m */,
				6D975D3B114DA570001B3E13 /* RestaurantEntry.h */,
				6D975D3C114DA570001B3E13 /* RestaurantEntry.m */,
			);
			name = Google;
			sourceTree = "<group>";
		};
		6D82433810C29E490008DC60 /* Utility */ = {
			isa = PBXGroup;
			children = (
				6D879027110C79E70087BD94 /* ImageHelper.h */,
				6D879028110C79E70087BD94 /* ImageHelper.m */,
				6D82433910C29E6D0008DC60 /* Logger.h */,
				6D82433A10C29E6D0008DC60 /* Logger.m */,
				6D82441D10C2B0300008DC60 /* CoreDataManager.h */,
				6D82441E10C2B0300008DC60 /* CoreDataManager.m */,
				6D8E4CF110D3D4CB0009FD80 /* UIImage+Extension.h */,
				6D8E4CF210D3D4CB0009FD80 /* UIImage+Extension.m */,
				6D8E4D4510D420080009FD80 /* ActivityManager.h */,
				6D8E4D4610D420080009FD80 /* ActivityManager.m */,
				6D488D8110D544C900F90D44 /* CameraController.h */,
				6D488D8210D544C900F90D44 /* CameraController.m */,
				6D488DC010D556B700F90D44 /* CameraControllerDelegate.h */,
				6D761C5110D99BD60050E414 /* ViewManager.h */,
				6D761C5210D99BD60050E414 /* ViewManager.m */,
				6D90F3831170B38D006B2690 /* DateUtils.h */,
				6D90F3841170B38D006B2690 /* DateUtils.m */,
			);
			name = Utility;
			sourceTree = "<group>";
		};
		6D82EFFA109DA62A00A03436 /* Entities */ = {
			isa = PBXGroup;
			children = (
				6D755F9910CBDE74004D36F2 /* UIImageToDataTransformer.h */,
				6D755F9A10CBDE74004D36F2 /* UIImageToDataTransformer.m */,
				6D755F9410CBDD33004D36F2 /* Photo.h */,
				6D755F9510CBDD33004D36F2 /* Photo.m */,
				6D82EFFB109DA66400A03436 /* Trip.h */,
				6D82EFFC109DA66400A03436 /* Trip.m */,
				6DA1827810AEE95B0084CFAE /* Destination.h */,
				6DA1827910AEE95B0084CFAE /* Destination.m */,
				6D8A0CCB10E7DA12007001B5 /* City.h */,
				6D8A0CCC10E7DA12007001B5 /* City.m */,
			);
			name = Entities;
			sourceTree = "<group>";
		};
		6D8F876C111F29BF003061A5 /* Products */ = {
			isa = PBXGroup;
			children = (
				6D8F8774111F29BF003061A5 /* GData.framework */,
				6D8F8776111F29BF003061A5 /* libGDataTouchStaticLib.a */,
				6D8F8778111F29BF003061A5 /* GDataUnitTests.octest */,
				6D8F877A111F29BF003061A5 /* GDataIPhoneUnitTests.octest */,
				6D8F877C111F29BF003061A5 /* DevelopmentTestTool */,
			);
			name = Products;
			sourceTree = "<group>";
		};
		6D90F3BF1170BC72006B2690 /* Weather */ = {
			isa = PBXGroup;
			children = (
				6D90F3C01170BC85006B2690 /* Forecast.h */,
				6D90F3C11170BC85006B2690 /* Forecast.m */,
				6D90F4BE11710145006B2690 /* ForecastDetail.h */,
				6D90F4BF11710145006B2690 /* ForecastDetail.m */,
			);
			name = Weather;
			sourceTree = "<group>";
		};
		6D946ABE116607D500CA3206 /* ASI */ = {
			isa = PBXGroup;
			children = (
				6D946AE71166097800CA3206 /* Reachability.h */,
				6D946AE81166097800CA3206 /* Reachability.m */,
				6D946ABF1166082200CA3206 /* ASIAuthenticationDialog.h */,
				6D946AC01166082200CA3206 /* ASIAuthenticationDialog.m */,
				6D946AC11166082200CA3206 /* ASIFormDataRequest.h */,
				6D946AC21166082200CA3206 /* ASIFormDataRequest.m */,
				6D946AC31166082200CA3206 /* ASIHTTPRequest.h */,
				6D946AC41166082200CA3206 /* ASIHTTPRequest.m */,
				6D946AC51166082200CA3206 /* ASIHTTPRequestConfig.h */,
				6D946AC61166082200CA3206 /* ASIInputStream.h */,
				6D946AC71166082200CA3206 /* ASIInputStream.m */,
				6D946AC81166082200CA3206 /* ASINetworkQueue.h */,
				6D946AC91166082200CA3206 /* ASINetworkQueue.m */,
				6D946ACA1166082200CA3206 /* ASINSStringAdditions.h */,
				6D946ACB1166082200CA3206 /* ASINSStringAdditions.m */,
			);
			name = ASI;
			sourceTree = "<group>";
		};
/* End PBXGroup section */

/* Begin PBXNativeTarget section */
		1D6058900D05DD3D006BFB54 /* Jaunt */ = {
			isa = PBXNativeTarget;
			buildConfigurationList = 1D6058960D05DD3E006BFB54 /* Build configuration list for PBXNativeTarget "Jaunt" */;
			buildPhases = (
				1D60588D0D05DD3D006BFB54 /* Resources */,
				1D60588E0D05DD3D006BFB54 /* Sources */,
				1D60588F0D05DD3D006BFB54 /* Frameworks */,
			);
			buildRules = (
			);
			dependencies = (
				6D04B0B7111F3EC4002DBF3F /* PBXTargetDependency */,
			);
			name = Jaunt;
			productName = Jaunt;
			productReference = 1D6058910D05DD3D006BFB54 /* Jaunt.app */;
			productType = "com.apple.product-type.application";
		};
/* End PBXNativeTarget section */

/* Begin PBXProject section */
		29B97313FDCFA39411CA2CEA /* Project object */ = {
			isa = PBXProject;
			buildConfigurationList = C01FCF4E08A954540054247B /* Build configuration list for PBXProject "Jaunt" */;
			compatibilityVersion = "Xcode 3.1";
			hasScannedForEncodings = 1;
			mainGroup = 29B97314FDCFA39411CA2CEA /* CustomTemplate */;
			projectDirPath = "";
			projectReferences = (
				{
					ProductGroup = 6D8F876C111F29BF003061A5 /* Products */;
					ProjectRef = 6D8F8755111F29A5003061A5 /* GData.xcodeproj */;
				},
			);
			projectRoot = "";
			targets = (
				1D6058900D05DD3D006BFB54 /* Jaunt */,
			);
		};
/* End PBXProject section */

/* Begin PBXReferenceProxy section */
		6D8F8774111F29BF003061A5 /* GData.framework */ = {
			isa = PBXReferenceProxy;
			fileType = wrapper.framework;
			path = GData.framework;
			remoteRef = 6D8F8773111F29BF003061A5 /* PBXContainerItemProxy */;
			sourceTree = BUILT_PRODUCTS_DIR;
		};
		6D8F8776111F29BF003061A5 /* libGDataTouchStaticLib.a */ = {
			isa = PBXReferenceProxy;
			fileType = archive.ar;
			path = libGDataTouchStaticLib.a;
			remoteRef = 6D8F8775111F29BF003061A5 /* PBXContainerItemProxy */;
			sourceTree = BUILT_PRODUCTS_DIR;
		};
		6D8F8778111F29BF003061A5 /* GDataUnitTests.octest */ = {
			isa = PBXReferenceProxy;
			fileType = wrapper.cfbundle;
			path = GDataUnitTests.octest;
			remoteRef = 6D8F8777111F29BF003061A5 /* PBXContainerItemProxy */;
			sourceTree = BUILT_PRODUCTS_DIR;
		};
		6D8F877A111F29BF003061A5 /* GDataIPhoneUnitTests.octest */ = {
			isa = PBXReferenceProxy;
			fileType = wrapper.cfbundle;
			path = GDataIPhoneUnitTests.octest;
			remoteRef = 6D8F8779111F29BF003061A5 /* PBXContainerItemProxy */;
			sourceTree = BUILT_PRODUCTS_DIR;
		};
		6D8F877C111F29BF003061A5 /* DevelopmentTestTool */ = {
			isa = PBXReferenceProxy;
			fileType = "compiled.mach-o.executable";
			path = DevelopmentTestTool;
			remoteRef = 6D8F877B111F29BF003061A5 /* PBXContainerItemProxy */;
			sourceTree = BUILT_PRODUCTS_DIR;
		};
/* End PBXReferenceProxy section */

/* Begin PBXResourcesBuildPhase section */
		1D60588D0D05DD3D006BFB54 /* Resources */ = {
			isa = PBXResourcesBuildPhase;
			buildActionMask = 2147483647;
			files = (
				28AD733F0D9D9553002E5188 /* MainWindow.xib in Resources */,
				6D632B131082578E009769E5 /* RouteView.xib in Resources */,
				6D632B15108257A0009769E5 /* WeatherView.xib in Resources */,
				6D632B19108257C7009769E5 /* ReservationView.xib in Resources */,
				6D632B2910825F1F009769E5 /* Route.png in Resources */,
				6D7DCF2A108B3CE200DFFDFE /* Checklist.xib in Resources */,
				6D7DCF2C108B3CEC00DFFDFE /* Trips.xib in Resources */,
				6DA07D5E109A7CCC0071D22C /* blue_blank.png in Resources */,
				6D7B564810B02331007942E0 /* TextFieldCell.xib in Resources */,
				6D7B570710B04AC0007942E0 /* NonEditableCell.xib in Resources */,
				6D7768DF10CAE8E30047C8C6 /* GenericContact.png in Resources */,
				6D503D7F10F8D79D00921BAC /* Jaunt.sqlite in Resources */,
			);
			runOnlyForDeploymentPostprocessing = 0;
		};
/* End PBXResourcesBuildPhase section */

/* Begin PBXSourcesBuildPhase section */
		1D60588E0D05DD3D006BFB54 /* Sources */ = {
			isa = PBXSourcesBuildPhase;
			buildActionMask = 2147483647;
			files = (
				1D60589B0D05DD56006BFB54 /* main.m in Sources */,
				1D3623260D0F684500981E51 /* JauntAppDelegate.m in Sources */,
				6D632B08108256F1009769E5 /* RouteController.m in Sources */,
				6D632B0B10825703009769E5 /* WeatherController.m in Sources */,
				6D632B1110825724009769E5 /* ReservationController.m in Sources */,
				6D7DCF34108B3E4400DFFDFE /* ChecklistController.m in Sources */,
				6D7DD030108B813B00DFFDFE /* TripTableController.m in Sources */,
				6DD7220F10933F93008E5906 /* AddTripController.m in Sources */,
				6D82EFF7109DA5F800A03436 /* Jaunt.xcdatamodel in Sources */,
				6D82EFFD109DA66400A03436 /* Trip.m in Sources */,
				6DF00136109E3265006E1AB2 /* EditTripController.m in Sources */,
				6DA1827A10AEE95B0084CFAE /* Destination.m in Sources */,
				6D7B563410B02171007942E0 /* TextFieldCell.m in Sources */,
				6D7B570110B049FB007942E0 /* NonEditableCell.m in Sources */,
				6D7B570C10B04BAE007942E0 /* CellManager.m in Sources */,
				6D7B58BD10B08D4A007942E0 /* CellExtension.m in Sources */,
				6D70783F10B4D20100CDA8FD /* DestinationController.m in Sources */,
				6D8B454A10BCB1CA00FE4212 /* TextFieldExtension.m in Sources */,
				6D8B455710BCB67A00FE4212 /* IndexedTextField.m in Sources */,
				6D82433B10C29E6E0008DC60 /* Logger.m in Sources */,
				6D82441F10C2B0300008DC60 /* CoreDataManager.m in Sources */,
				6D755F9610CBDD33004D36F2 /* Photo.m in Sources */,
				6D755F9B10CBDE74004D36F2 /* UIImageToDataTransformer.m in Sources */,
				6D8E4CF310D3D4CB0009FD80 /* UIImage+Extension.m in Sources */,
				6D8E4D4710D420080009FD80 /* ActivityManager.m in Sources */,
				6D488D8310D544C900F90D44 /* CameraController.m in Sources */,
				6D761C5310D99BD60050E414 /* ViewManager.m in Sources */,
				6D8A0CCD10E7DA12007001B5 /* City.m in Sources */,
				6D7A548010FA0193001E9FB1 /* MapAnnotation.m in Sources */,
				6D879029110C79E70087BD94 /* ImageHelper.m in Sources */,
				6D812E301143E02900173980 /* DestinationDetailController.m in Sources */,
				6D812E6F1143FE3400173980 /* GoogleServices.m in Sources */,
				6D812F3B114417E900173980 /* GoogleQuery.m in Sources */,
				6D812F601144230D00173980 /* QueryResultController.m in Sources */,
				6D955BC4114BDAA800173CF9 /* QueryDetailController.m in Sources */,
				6D975AD0114D1036001B3E13 /* LodgingEntry.m in Sources */,
				6D975AEC114D12F6001B3E13 /* EventEntry.m in Sources */,
				6D975D3D114DA570001B3E13 /* RestaurantEntry.m in Sources */,
				6D946ACC1166082200CA3206 /* ASIAuthenticationDialog.m in Sources */,
				6D946ACD1166082200CA3206 /* ASIFormDataRequest.m in Sources */,
				6D946ACE1166082200CA3206 /* ASIHTTPRequest.m in Sources */,
				6D946ACF1166082200CA3206 /* ASIInputStream.m in Sources */,
				6D946AD01166082200CA3206 /* ASINetworkQueue.m in Sources */,
				6D946AD11166082200CA3206 /* ASINSStringAdditions.m in Sources */,
				6D946AE91166097800CA3206 /* Reachability.m in Sources */,
				6D90F3851170B38D006B2690 /* DateUtils.m in Sources */,
				6D90F3C21170BC85006B2690 /* Forecast.m in Sources */,
				6D90F4C011710145006B2690 /* ForecastDetail.m in Sources */,
				6D8C911A1172357000A0C550 /* WeatherDetailController.m in Sources */,
			);
			runOnlyForDeploymentPostprocessing = 0;
		};
/* End PBXSourcesBuildPhase section */

/* Begin PBXTargetDependency section */
		6D04B0B7111F3EC4002DBF3F /* PBXTargetDependency */ = {
			isa = PBXTargetDependency;
			name = GDataTouchStaticLib;
			targetProxy = 6D04B0B6111F3EC4002DBF3F /* PBXContainerItemProxy */;
		};
/* End PBXTargetDependency section */

/* Begin XCBuildConfiguration section */
		1D6058940D05DD3E006BFB54 /* Debug */ = {
			isa = XCBuildConfiguration;
			buildSettings = {
				ALWAYS_SEARCH_USER_PATHS = NO;
				COPY_PHASE_STRIP = NO;
				FRAMEWORK_SEARCH_PATHS = "$(inherited)";
				GCC_DYNAMIC_NO_PIC = NO;
				GCC_OPTIMIZATION_LEVEL = 0;
				GCC_PRECOMPILE_PREFIX_HEADER = YES;
				GCC_PREFIX_HEADER = Jaunt_Prefix.pch;
				HEADER_SEARCH_PATHS = /usr/include/libxml2;
				INFOPLIST_FILE = "Jaunt-Info.plist";
				OTHER_CFLAGS = "";
				OTHER_LDFLAGS = (
					"-ObjC",
					"-lxml2",
				);
				PRODUCT_NAME = Jaunt;
				USER_HEADER_SEARCH_PATHS = "$(GDATA_SRC)/**";
			};
			name = Debug;
		};
		1D6058950D05DD3E006BFB54 /* Release */ = {
			isa = XCBuildConfiguration;
			buildSettings = {
				ALWAYS_SEARCH_USER_PATHS = NO;
				COPY_PHASE_STRIP = YES;
				FRAMEWORK_SEARCH_PATHS = "$(inherited)";
				GCC_PRECOMPILE_PREFIX_HEADER = YES;
				GCC_PREFIX_HEADER = Jaunt_Prefix.pch;
				HEADER_SEARCH_PATHS = /usr/include/libxml2;
				INFOPLIST_FILE = "Jaunt-Info.plist";
				OTHER_LDFLAGS = (
					"-ObjC",
					"-lxml2",
				);
				PRODUCT_NAME = Jaunt;
				USER_HEADER_SEARCH_PATHS = "$(GDATA_SRC)/**";
			};
			name = Release;
		};
		C01FCF4F08A954540054247B /* Debug */ = {
			isa = XCBuildConfiguration;
			buildSettings = {
				ALWAYS_SEARCH_USER_PATHS = NO;
				ARCHS = "$(ARCHS_STANDARD_32_BIT)";
				CODE_SIGN_IDENTITY = "iPhone Developer";
				"CODE_SIGN_IDENTITY[sdk=iphoneos*]" = "iPhone Developer";
				GCC_C_LANGUAGE_STANDARD = c99;
				GCC_WARN_ABOUT_RETURN_TYPE = YES;
				GCC_WARN_UNUSED_VARIABLE = YES;
				HEADER_SEARCH_PATHS = /usr/include/libxml2;
				OTHER_CFLAGS = "";
				OTHER_LDFLAGS = (
					"-ObjC",
					"-lxml2",
				);
				PREBINDING = NO;
				PROVISIONING_PROFILE = "";
				"PROVISIONING_PROFILE[sdk=iphoneos*]" = "";
				SDKROOT = iphoneos3.0;
				USER_HEADER_SEARCH_PATHS = "";
			};
			name = Debug;
		};
		C01FCF5008A954540054247B /* Release */ = {
			isa = XCBuildConfiguration;
			buildSettings = {
				ALWAYS_SEARCH_USER_PATHS = NO;
				ARCHS = "$(ARCHS_STANDARD_32_BIT)";
				"CODE_SIGN_IDENTITY[sdk=iphoneos*]" = "iPhone Developer";
				GCC_C_LANGUAGE_STANDARD = c99;
				GCC_WARN_ABOUT_RETURN_TYPE = YES;
				GCC_WARN_UNUSED_VARIABLE = YES;
				HEADER_SEARCH_PATHS = "";
				MACOSX_DEPLOYMENT_TARGET = 10.5;
				OTHER_CFLAGS = "";
				OTHER_LDFLAGS = "";
				PREBINDING = NO;
				SDKROOT = iphoneos3.0;
				USER_HEADER_SEARCH_PATHS = "";
			};
			name = Release;
		};
/* End XCBuildConfiguration section */

/* Begin XCConfigurationList section */
		1D6058960D05DD3E006BFB54 /* Build configuration list for PBXNativeTarget "Jaunt" */ = {
			isa = XCConfigurationList;
			buildConfigurations = (
				1D6058940D05DD3E006BFB54 /* Debug */,
				1D6058950D05DD3E006BFB54 /* Release */,
			);
			defaultConfigurationIsVisible = 0;
			defaultConfigurationName = Release;
		};
		C01FCF4E08A954540054247B /* Build configuration list for PBXProject "Jaunt" */ = {
			isa = XCConfigurationList;
			buildConfigurations = (
				C01FCF4F08A954540054247B /* Debug */,
				C01FCF5008A954540054247B /* Release */,
			);
			defaultConfigurationIsVisible = 0;
			defaultConfigurationName = Release;
		};
/* End XCConfigurationList section */
	};
	rootObject = 29B97313FDCFA39411CA2CEA /* Project object */;
}
